# THIS IS AN AUTOGENERATED FILE. DO NOT EDIT THIS FILE DIRECTLY.
# yarn lockfile v1


"@pismo/bolt-colors@^0.0.1-21":
  version "0.0.1-21"
  resolved "https://registry.yarnpkg.com/@pismo/bolt-colors/-/bolt-colors-0.0.1-21.tgz#5283364b55226287da2affac929995fb12462612"

"@pismo/eslint-config-bolt@^0.0.1-21":
  version "0.0.1-21"
  resolved "https://registry.yarnpkg.com/@pismo/eslint-config-bolt/-/eslint-config-bolt-0.0.1-21.tgz#9e73c2e24f70b8892a9640904e2e8b7728c032d1"
